
Microsoft Visual Studio Solution File, Format Version 12.00
# Visual Studio Version 17
VisualStudioVersion = 17.9.34728.123
MinimumVisualStudioVersion = 10.0.40219.1
Project("{9A19103F-16F7-4668-BE54-9A1E7A4F7556}") = "TestContainerApi.WebApi", "src\TestContainerApi.WebApi\TestContainerApi.WebApi.csproj", "{625C3609-B9E4-4E44-BC7D-F3DC151FACD9}"
EndProject
Project("{9A19103F-16F7-4668-BE54-9A1E7A4F7556}") = "TestContainerApi.Domain", "src\TestContainerApi.Domain\TestContainerApi.Domain.csproj", "{1CA157C2-25F0-4F93-A289-2EAD4DE797DF}"
EndProject
Project("{FAE04EC0-301F-11D3-BF4B-00C04F79EFBC}") = "TestContainerApi.WebApi.Test", "test\TestContainerApi.WebApi.Test\TestContainerApi.WebApi.Test.csproj", "{6ACC04D6-36BB-4963-A76F-35742DC85203}"
EndProject
Global
	GlobalSection(SolutionConfigurationPlatforms) = preSolution
		Debug|Any CPU = Debug|Any CPU
		Release|Any CPU = Release|Any CPU
	EndGlobalSection
	GlobalSection(ProjectConfigurationPlatforms) = postSolution
		{625C3609-B9E4-4E44-BC7D-F3DC151FACD9}.Debug|Any CPU.ActiveCfg = Debug|Any CPU
		{625C3609-B9E4-4E44-BC7D-F3DC151FACD9}.Debug|Any CPU.Build.0 = Debug|Any CPU
		{625C3609-B9E4-4E44-BC7D-F3DC151FACD9}.Release|Any CPU.ActiveCfg = Release|Any CPU
		{625C3609-B9E4-4E44-BC7D-F3DC151FACD9}.Release|Any CPU.Build.0 = Release|Any CPU
		{1CA157C2-25F0-4F93-A289-2EAD4DE797DF}.Debug|Any CPU.ActiveCfg = Debug|Any CPU
		{1CA157C2-25F0-4F93-A289-2EAD4DE797DF}.Debug|Any CPU.Build.0 = Debug|Any CPU
		{1CA157C2-25F0-4F93-A289-2EAD4DE797DF}.Release|Any CPU.ActiveCfg = Release|Any CPU
		{1CA157C2-25F0-4F93-A289-2EAD4DE797DF}.Release|Any CPU.Build.0 = Release|Any CPU
		{6ACC04D6-36BB-4963-A76F-35742DC85203}.Debug|Any CPU.ActiveCfg = Debug|Any CPU
		{6ACC04D6-36BB-4963-A76F-35742DC85203}.Debug|Any CPU.Build.0 = Debug|Any CPU
		{6ACC04D6-36BB-4963-A76F-35742DC85203}.Release|Any CPU.ActiveCfg = Release|Any CPU
		{6ACC04D6-36BB-4963-A76F-35742DC85203}.Release|Any CPU.Build.0 = Release|Any CPU
	EndGlobalSection
	GlobalSection(SolutionProperties) = preSolution
		HideSolutionNode = FALSE
	EndGlobalSection
	GlobalSection(ExtensibilityGlobals) = postSolution
		SolutionGuid = {A2A7B3A3-CB65-42D0-8AE3-1C30C85002E5}
	EndGlobalSection
EndGlobal
